
Microsoft Visual Studio Solution File, Format Version 12.00
# Visual Studio Version 17
VisualStudioVersion = 17.5.002.0
MinimumVisualStudioVersion = 10.0.40219.1
Project("{2150E333-8FDC-42A3-9474-1A3956D46DE8}") = "csharp-prep", "csharp-prep", "{AC48FA21-ADD8-4D6A-B66E-F9C9A0A22E60}"
EndProject
Project("{9A19103F-16F7-4668-BE54-9A1E7A4F7556}") = "Prep1", "csharp-prep\Prep1\Prep1.csproj", "{ABE65440-01DC-49B4-B481-053C989B567F}"
EndProject
Project("{9A19103F-16F7-4668-BE54-9A1E7A4F7556}") = "Prep2", "csharp-prep\Prep2\Prep2.csproj", "{A13C584C-354F-45A7-BC12-BD7874C3FBF4}"
EndProject
Project("{9A19103F-16F7-4668-BE54-9A1E7A4F7556}") = "Prep3", "csharp-prep\Prep3\Prep3.csproj", "{417E2F40-91FD-4ACC-BB51-912F5327E726}"
EndProject
Project("{9A19103F-16F7-4668-BE54-9A1E7A4F7556}") = "Prep4", "csharp-prep\Prep4\Prep4.csproj", "{82BE4497-75E6-4941-8D3F-2DFD1FC75AAC}"
EndProject
Project("{9A19103F-16F7-4668-BE54-9A1E7A4F7556}") = "Prep5", "csharp-prep\Prep5\Prep5.csproj", "{11051536-CEE6-4DE3-B215-07D44269A2D9}"
EndProject
Project("{2150E333-8FDC-42A3-9474-1A3956D46DE8}") = "final", "final", "{6B4D0203-3D0B-4A77-94CA-69B1220D4E36}"
EndProject
Project("{9A19103F-16F7-4668-BE54-9A1E7A4F7556}") = "FinalProject", "final\FinalProject\FinalProject.csproj", "{5282CAF2-D322-427F-B28C-3754182C211C}"
EndProject
Project("{9A19103F-16F7-4668-BE54-9A1E7A4F7556}") = "Foundation1", "final\Foundation1\Foundation1.csproj", "{7D0B8D91-E345-4F74-BFBF-37A0C825B36D}"
EndProject
Project("{9A19103F-16F7-4668-BE54-9A1E7A4F7556}") = "Foundation2", "final\Foundation2\Foundation2.csproj", "{E44D1084-AED7-42F6-A7EA-3B38A11649E2}"
EndProject
Project("{9A19103F-16F7-4668-BE54-9A1E7A4F7556}") = "Foundation3", "final\Foundation3\Foundation3.csproj", "{F9AB1922-5071-4EEC-B1E3-02956874EE97}"
EndProject
Project("{9A19103F-16F7-4668-BE54-9A1E7A4F7556}") = "Foundation4", "final\Foundation4\Foundation4.csproj", "{124C023C-3D37-4567-864D-3FE5CE15A48C}"
EndProject
Project("{2150E333-8FDC-42A3-9474-1A3956D46DE8}") = "prepare", "prepare", "{C275D1C2-62D9-425C-AA96-2EB902BE66D3}"
EndProject
Project("{9A19103F-16F7-4668-BE54-9A1E7A4F7556}") = "Learning02", "prepare\Learning02\Learning02.csproj", "{D55F5033-9408-4004-B25E-D01FA3016B04}"
EndProject
Project("{9A19103F-16F7-4668-BE54-9A1E7A4F7556}") = "Learning03", "prepare\Learning03\Learning03.csproj", "{85F81D1C-8CD3-4F5E-A350-502E81BA82D3}"
EndProject
Project("{9A19103F-16F7-4668-BE54-9A1E7A4F7556}") = "Learning04", "prepare\Learning04\Learning04.csproj", "{DA38B272-A443-403E-BD8F-4B8C8065999D}"
EndProject
Project("{9A19103F-16F7-4668-BE54-9A1E7A4F7556}") = "Learning05", "prepare\Learning05\Learning05.csproj", "{9E6F6473-09B6-4C1E-91F0-BFFEB234DF6B}"
EndProject
Project("{2150E333-8FDC-42A3-9474-1A3956D46DE8}") = "prove", "prove", "{D1D80020-9182-47C0-B8B8-0C2AEC3EDD16}"
EndProject
Project("{9A19103F-16F7-4668-BE54-9A1E7A4F7556}") = "Develop02", "prove\Develop02\Develop02.csproj", "{880E6A01-A025-4410-8BE4-C9D9CD222C16}"
EndProject
Project("{9A19103F-16F7-4668-BE54-9A1E7A4F7556}") = "Develop03", "prove\Develop03\Develop03.csproj", "{9E00AD93-5392-42C7-A2A9-7270CBCD8586}"
EndProject
Project("{9A19103F-16F7-4668-BE54-9A1E7A4F7556}") = "Develop04", "prove\Develop04\Develop04.csproj", "{54123BBF-C554-44F2-A856-B9253C6CEB50}"
EndProject
Project("{9A19103F-16F7-4668-BE54-9A1E7A4F7556}") = "Develop05", "prove\Develop05\Develop05.csproj", "{DE3D353A-CD66-4396-BC62-1E31A964BFFD}"
EndProject
Project("{2150E333-8FDC-42A3-9474-1A3956D46DE8}") = "sandbox", "sandbox", "{EEAB030C-715C-4DA5-B6AA-B730EA365635}"
EndProject
Project("{9A19103F-16F7-4668-BE54-9A1E7A4F7556}") = "Sandbox", "sandbox\Sandbox\Sandbox.csproj", "{01C8AA6F-E6DE-47C5-907C-C052991BC6EE}"
EndProject
Global
	GlobalSection(SolutionConfigurationPlatforms) = preSolution
		Debug|Any CPU = Debug|Any CPU
		Release|Any CPU = Release|Any CPU
	EndGlobalSection
	GlobalSection(ProjectConfigurationPlatforms) = postSolution
		{ABE65440-01DC-49B4-B481-053C989B567F}.Debug|Any CPU.ActiveCfg = Debug|Any CPU
		{ABE65440-01DC-49B4-B481-053C989B567F}.Debug|Any CPU.Build.0 = Debug|Any CPU
		{ABE65440-01DC-49B4-B481-053C989B567F}.Release|Any CPU.ActiveCfg = Release|Any CPU
		{ABE65440-01DC-49B4-B481-053C989B567F}.Release|Any CPU.Build.0 = Release|Any CPU
		{A13C584C-354F-45A7-BC12-BD7874C3FBF4}.Debug|Any CPU.ActiveCfg = Debug|Any CPU
		{A13C584C-354F-45A7-BC12-BD7874C3FBF4}.Debug|Any CPU.Build.0 = Debug|Any CPU
		{A13C584C-354F-45A7-BC12-BD7874C3FBF4}.Release|Any CPU.ActiveCfg = Release|Any CPU
		{A13C584C-354F-45A7-BC12-BD7874C3FBF4}.Release|Any CPU.Build.0 = Release|Any CPU
		{417E2F40-91FD-4ACC-BB51-912F5327E726}.Debug|Any CPU.ActiveCfg = Debug|Any CPU
		{417E2F40-91FD-4ACC-BB51-912F5327E726}.Debug|Any CPU.Build.0 = Debug|Any CPU
		{417E2F40-91FD-4ACC-BB51-912F5327E726}.Release|Any CPU.ActiveCfg = Release|Any CPU
		{417E2F40-91FD-4ACC-BB51-912F5327E726}.Release|Any CPU.Build.0 = Release|Any CPU
		{82BE4497-75E6-4941-8D3F-2DFD1FC75AAC}.Debug|Any CPU.ActiveCfg = Debug|Any CPU
		{82BE4497-75E6-4941-8D3F-2DFD1FC75AAC}.Debug|Any CPU.Build.0 = Debug|Any CPU
		{82BE4497-75E6-4941-8D3F-2DFD1FC75AAC}.Release|Any CPU.ActiveCfg = Release|Any CPU
		{82BE4497-75E6-4941-8D3F-2DFD1FC75AAC}.Release|Any CPU.Build.0 = Release|Any CPU
		{11051536-CEE6-4DE3-B215-07D44269A2D9}.Debug|Any CPU.ActiveCfg = Debug|Any CPU
		{11051536-CEE6-4DE3-B215-07D44269A2D9}.Debug|Any CPU.Build.0 = Debug|Any CPU
		{11051536-CEE6-4DE3-B215-07D44269A2D9}.Release|Any CPU.ActiveCfg = Release|Any CPU
		{11051536-CEE6-4DE3-B215-07D44269A2D9}.Release|Any CPU.Build.0 = Release|Any CPU
		{5282CAF2-D322-427F-B28C-3754182C211C}.Debug|Any CPU.ActiveCfg = Debug|Any CPU
		{5282CAF2-D322-427F-B28C-3754182C211C}.Debug|Any CPU.Build.0 = Debug|Any CPU
		{5282CAF2-D322-427F-B28C-3754182C211C}.Release|Any CPU.ActiveCfg = Release|Any CPU
		{5282CAF2-D322-427F-B28C-3754182C211C}.Release|Any CPU.Build.0 = Release|Any CPU
		{7D0B8D91-E345-4F74-BFBF-37A0C825B36D}.Debug|Any CPU.ActiveCfg = Debug|Any CPU
		{7D0B8D91-E345-4F74-BFBF-37A0C825B36D}.Debug|Any CPU.Build.0 = Debug|Any CPU
		{7D0B8D91-E345-4F74-BFBF-37A0C825B36D}.Release|Any CPU.ActiveCfg = Release|Any CPU
		{7D0B8D91-E345-4F74-BFBF-37A0C825B36D}.Release|Any CPU.Build.0 = Release|Any CPU
		{E44D1084-AED7-42F6-A7EA-3B38A11649E2}.Debug|Any CPU.ActiveCfg = Debug|Any CPU
		{E44D1084-AED7-42F6-A7EA-3B38A11649E2}.Debug|Any CPU.Build.0 = Debug|Any CPU
		{E44D1084-AED7-42F6-A7EA-3B38A11649E2}.Release|Any CPU.ActiveCfg = Release|Any CPU
		{E44D1084-AED7-42F6-A7EA-3B38A11649E2}.Release|Any CPU.Build.0 = Release|Any CPU
		{F9AB1922-5071-4EEC-B1E3-02956874EE97}.Debug|Any CPU.ActiveCfg = Debug|Any CPU
		{F9AB1922-5071-4EEC-B1E3-02956874EE97}.Debug|Any CPU.Build.0 = Debug|Any CPU
		{F9AB1922-5071-4EEC-B1E3-02956874EE97}.Release|Any CPU.ActiveCfg = Release|Any CPU
		{F9AB1922-5071-4EEC-B1E3-02956874EE97}.Release|Any CPU.Build.0 = Release|Any CPU
		{124C023C-3D37-4567-864D-3FE5CE15A48C}.Debug|Any CPU.ActiveCfg = Debug|Any CPU
		{124C023C-3D37-4567-864D-3FE5CE15A48C}.Debug|Any CPU.Build.0 = Debug|Any CPU
		{124C023C-3D37-4567-864D-3FE5CE15A48C}.Release|Any CPU.ActiveCfg = Release|Any CPU
		{124C023C-3D37-4567-864D-3FE5CE15A48C}.Release|Any CPU.Build.0 = Release|Any CPU
		{D55F5033-9408-4004-B25E-D01FA3016B04}.Debug|Any CPU.ActiveCfg = Debug|Any CPU
		{D55F5033-9408-4004-B25E-D01FA3016B04}.Debug|Any CPU.Build.0 = Debug|Any CPU
		{D55F5033-9408-4004-B25E-D01FA3016B04}.Release|Any CPU.ActiveCfg = Release|Any CPU
		{D55F5033-9408-4004-B25E-D01FA3016B04}.Release|Any CPU.Build.0 = Release|Any CPU
		{85F81D1C-8CD3-4F5E-A350-502E81BA82D3}.Debug|Any CPU.ActiveCfg = Debug|Any CPU
		{85F81D1C-8CD3-4F5E-A350-502E81BA82D3}.Debug|Any CPU.Build.0 = Debug|Any CPU
		{85F81D1C-8CD3-4F5E-A350-502E81BA82D3}.Release|Any CPU.ActiveCfg = Release|Any CPU
		{85F81D1C-8CD3-4F5E-A350-502E81BA82D3}.Release|Any CPU.Build.0 = Release|Any CPU
		{DA38B272-A443-403E-BD8F-4B8C8065999D}.Debug|Any CPU.ActiveCfg = Debug|Any CPU
		{DA38B272-A443-403E-BD8F-4B8C8065999D}.Debug|Any CPU.Build.0 = Debug|Any CPU
		{DA38B272-A443-403E-BD8F-4B8C8065999D}.Release|Any CPU.ActiveCfg = Release|Any CPU
		{DA38B272-A443-403E-BD8F-4B8C8065999D}.Release|Any CPU.Build.0 = Release|Any CPU
		{9E6F6473-09B6-4C1E-91F0-BFFEB234DF6B}.Debug|Any CPU.ActiveCfg = Debug|Any CPU
		{9E6F6473-09B6-4C1E-91F0-BFFEB234DF6B}.Debug|Any CPU.Build.0 = Debug|Any CPU
		{9E6F6473-09B6-4C1E-91F0-BFFEB234DF6B}.Release|Any CPU.ActiveCfg = Release|Any CPU
		{9E6F6473-09B6-4C1E-91F0-BFFEB234DF6B}.Release|Any CPU.Build.0 = Release|Any CPU
		{880E6A01-A025-4410-8BE4-C9D9CD222C16}.Debug|Any CPU.ActiveCfg = Debug|Any CPU
		{880E6A01-A025-4410-8BE4-C9D9CD222C16}.Debug|Any CPU.Build.0 = Debug|Any CPU
		{880E6A01-A025-4410-8BE4-C9D9CD222C16}.Release|Any CPU.ActiveCfg = Release|Any CPU
		{880E6A01-A025-4410-8BE4-C9D9CD222C16}.Release|Any CPU.Build.0 = Release|Any CPU
		{9E00AD93-5392-42C7-A2A9-7270CBCD8586}.Debug|Any CPU.ActiveCfg = Debug|Any CPU
		{9E00AD93-5392-42C7-A2A9-7270CBCD8586}.Debug|Any CPU.Build.0 = Debug|Any CPU
		{9E00AD93-5392-42C7-A2A9-7270CBCD8586}.Release|Any CPU.ActiveCfg = Release|Any CPU
		{9E00AD93-5392-42C7-A2A9-7270CBCD8586}.Release|Any CPU.Build.0 = Release|Any CPU
		{54123BBF-C554-44F2-A856-B9253C6CEB50}.Debug|Any CPU.ActiveCfg = Debug|Any CPU
		{54123BBF-C554-44F2-A856-B9253C6CEB50}.Debug|Any CPU.Build.0 = Debug|Any CPU
		{54123BBF-C554-44F2-A856-B9253C6CEB50}.Release|Any CPU.ActiveCfg = Release|Any CPU
		{54123BBF-C554-44F2-A856-B9253C6CEB50}.Release|Any CPU.Build.0 = Release|Any CPU
		{DE3D353A-CD66-4396-BC62-1E31A964BFFD}.Debug|Any CPU.ActiveCfg = Debug|Any CPU
		{DE3D353A-CD66-4396-BC62-1E31A964BFFD}.Debug|Any CPU.Build.0 = Debug|Any CPU
		{DE3D353A-CD66-4396-BC62-1E31A964BFFD}.Release|Any CPU.ActiveCfg = Release|Any CPU
		{DE3D353A-CD66-4396-BC62-1E31A964BFFD}.Release|Any CPU.Build.0 = Release|Any CPU
		{01C8AA6F-E6DE-47C5-907C-C052991BC6EE}.Debug|Any CPU.ActiveCfg = Debug|Any CPU
		{01C8AA6F-E6DE-47C5-907C-C052991BC6EE}.Debug|Any CPU.Build.0 = Debug|Any CPU
		{01C8AA6F-E6DE-47C5-907C-C052991BC6EE}.Release|Any CPU.ActiveCfg = Release|Any CPU
		{01C8AA6F-E6DE-47C5-907C-C052991BC6EE}.Release|Any CPU.Build.0 = Release|Any CPU
	EndGlobalSection
	GlobalSection(SolutionProperties) = preSolution
		HideSolutionNode = FALSE
	EndGlobalSection
	GlobalSection(NestedProjects) = preSolution
		{ABE65440-01DC-49B4-B481-053C989B567F} = {AC48FA21-ADD8-4D6A-B66E-F9C9A0A22E60}
		{A13C584C-354F-45A7-BC12-BD7874C3FBF4} = {AC48FA21-ADD8-4D6A-B66E-F9C9A0A22E60}
		{417E2F40-91FD-4ACC-BB51-912F5327E726} = {AC48FA21-ADD8-4D6A-B66E-F9C9A0A22E60}
		{82BE4497-75E6-4941-8D3F-2DFD1FC75AAC} = {AC48FA21-ADD8-4D6A-B66E-F9C9A0A22E60}
		{11051536-CEE6-4DE3-B215-07D44269A2D9} = {AC48FA21-ADD8-4D6A-B66E-F9C9A0A22E60}
		{5282CAF2-D322-427F-B28C-3754182C211C} = {6B4D0203-3D0B-4A77-94CA-69B1220D4E36}
		{7D0B8D91-E345-4F74-BFBF-37A0C825B36D} = {6B4D0203-3D0B-4A77-94CA-69B1220D4E36}
		{E44D1084-AED7-42F6-A7EA-3B38A11649E2} = {6B4D0203-3D0B-4A77-94CA-69B1220D4E36}
		{F9AB1922-5071-4EEC-B1E3-02956874EE97} = {6B4D0203-3D0B-4A77-94CA-69B1220D4E36}
		{124C023C-3D37-4567-864D-3FE5CE15A48C} = {6B4D0203-3D0B-4A77-94CA-69B1220D4E36}
		{D55F5033-9408-4004-B25E-D01FA3016B04} = {C275D1C2-62D9-425C-AA96-2EB902BE66D3}
		{85F81D1C-8CD3-4F5E-A350-502E81BA82D3} = {C275D1C2-62D9-425C-AA96-2EB902BE66D3}
		{DA38B272-A443-403E-BD8F-4B8C8065999D} = {C275D1C2-62D9-425C-AA96-2EB902BE66D3}
		{9E6F6473-09B6-4C1E-91F0-BFFEB234DF6B} = {C275D1C2-62D9-425C-AA96-2EB902BE66D3}
		{880E6A01-A025-4410-8BE4-C9D9CD222C16} = {D1D80020-9182-47C0-B8B8-0C2AEC3EDD16}
		{9E00AD93-5392-42C7-A2A9-7270CBCD8586} = {D1D80020-9182-47C0-B8B8-0C2AEC3EDD16}
		{54123BBF-C554-44F2-A856-B9253C6CEB50} = {D1D80020-9182-47C0-B8B8-0C2AEC3EDD16}
		{DE3D353A-CD66-4396-BC62-1E31A964BFFD} = {D1D80020-9182-47C0-B8B8-0C2AEC3EDD16}
		{01C8AA6F-E6DE-47C5-907C-C052991BC6EE} = {EEAB030C-715C-4DA5-B6AA-B730EA365635}
	EndGlobalSection
	GlobalSection(ExtensibilityGlobals) = postSolution
		SolutionGuid = {8432CA3A-C348-4AAB-8F6A-A165DBA9D6B6}
	EndGlobalSection
EndGlobal
